
Microsoft Visual Studio Solution File, Format Version 12.00
# Visual Studio Version 17
VisualStudioVersion = 17.11.35303.130
MinimumVisualStudioVersion = 10.0.40219.1
Project("{FAE04EC0-301F-11D3-BF4B-00C04F79EFBC}") = "QuanLyTienGioBBD", "QuanLyTienGioBBD\QuanLyTienGioBBD.csproj", "{120AD8E8-A5B6-454A-B36C-2C77157C5F52}"
EndProject
Global
	GlobalSection(SolutionConfigurationPlatforms) = preSolution
		Debug|Any CPU = Debug|Any CPU
		Release|Any CPU = Release|Any CPU
	EndGlobalSection
	GlobalSection(ProjectConfigurationPlatforms) = postSolution
		{120AD8E8-A5B6-454A-B36C-2C77157C5F52}.Debug|Any CPU.ActiveCfg = Debug|Any CPU
		{120AD8E8-A5B6-454A-B36C-2C77157C5F52}.Debug|Any CPU.Build.0 = Debug|Any CPU
		{120AD8E8-A5B6-454A-B36C-2C77157C5F52}.Release|Any CPU.ActiveCfg = Release|Any CPU
		{120AD8E8-A5B6-454A-B36C-2C77157C5F52}.Release|Any CPU.Build.0 = Release|Any CPU
	EndGlobalSection
	GlobalSection(SolutionProperties) = preSolution
		HideSolutionNode = FALSE
	EndGlobalSection
	GlobalSection(ExtensibilityGlobals) = postSolution
		SolutionGuid = {19DAA095-DD12-46F0-8E9D-B63C8EE770A5}
	EndGlobalSection
EndGlobal
